# @generated by Move, please check-in and do not edit manually.

[move]
version = 3
manifest_digest = "3E23419E7C045CF6CB4BE2207A1E05CB14C06263B85303AB5E45047C4A344516"
deps_digest = "F8BBB0CCB2491CA29A3DF03D6F92277A4F3574266507ACD77214D37ECA3F3082"
dependencies = [
  { id = "Sui", name = "Sui" },
]

[[move.package]]
id = "MoveStdlib"
source = { git = "https://github.com/MystenLabs/sui.git", rev = "mainnet", subdir = "crates\\sui-framework\\packages\\move-stdlib" }

[[move.package]]
id = "Sui"
source = { git = "https://github.com/MystenLabs/sui.git", rev = "mainnet", subdir = "crates/sui-framework/packages/sui-framework" }

dependencies = [
  { id = "MoveStdlib", name = "MoveStdlib" },
]

[move.toolchain-version]
compiler-version = "1.57.2"
edition = "2024"
flavor = "sui"

[env]

[env.testnet-final]
chain-id = "4c78adac"
original-published-id = "0xaddd769b70261c5ca82b96af99268722fc084551adae4b6f7aad408b782eaa0c"
latest-published-id = "0xaddd769b70261c5ca82b96af99268722fc084551adae4b6f7aad408b782eaa0c"
published-version = "1"
