# @generated by Move, please check-in and do not edit manually.

[move]
version = 3
manifest_digest = "90156D8E7BFDCB791E2A877A44887108064A8557240A72B85D0965C3568640B5"
deps_digest = "F8BBB0CCB2491CA29A3DF03D6F92277A4F3574266507ACD77214D37ECA3F3082"
dependencies = [
  { id = "Sui", name = "Sui" },
]

[[move.package]]
id = "MoveStdlib"
source = { git = "https://github.com/MystenLabs/sui.git", rev = "framework/testnet", subdir = "crates\\sui-framework\\packages\\move-stdlib" }

[[move.package]]
id = "Sui"
source = { git = "https://github.com/MystenLabs/sui.git", rev = "framework/testnet", subdir = "crates/sui-framework/packages/sui-framework" }

dependencies = [
  { id = "MoveStdlib", name = "MoveStdlib" },
]

[move.toolchain-version]
compiler-version = "1.57.2"
edition = "2024.beta"
flavor = "sui"

[env]

[env.testnet-final]
chain-id = "4c78adac"
original-published-id = "0x66c24ac29f8aab92d889cd696b8a69c4a83e3cf5c338d9c032242ac9e9380d97"
latest-published-id = "0x66c24ac29f8aab92d889cd696b8a69c4a83e3cf5c338d9c032242ac9e9380d97"
published-version = "1"
